{
  "name": "@timdrichards/ava",
  "version": "1.0.0",
  "lockfileVersion": 3,
  "requires": true,
  "packages": {
    "": {
      "name": "@timdrichards/ava",
      "version": "1.0.0",
      "license": "AGPL-version-3.0",
      "dependencies": {
        "tap-parser": "^15.3.1"
      },
      "devDependencies": {},
      "engines": {
        "node": ">= 14.0.0",
        "npm": ">= 6.0.0"
      }
    },
    "node_modules/events-to-array": {
      "version": "2.0.3",
      "resolved": "https://registry.npmjs.org/events-to-array/-/events-to-array-2.0.3.tgz",
      "integrity": "sha512-f/qE2gImHRa4Cp2y1stEOSgw8wTFyUdVJX7G//bMwbaV9JqISFxg99NbmVQeP7YLnDUZ2un851jlaDrlpmGehQ==",
      "engines": {
        "node": ">=12"
      }
    },
    "node_modules/tap-parser": {
      "version": "15.3.1",
      "resolved": "https://registry.npmjs.org/tap-parser/-/tap-parser-15.3.1.tgz",
      "integrity": "sha512-hwAtXX5TBGt2MJeYvASc7DjP48PUzA7P8RTbLxQcgKCEH7ICD5IsRco7l5YvkzjHlZbUbeI9wzO8B4hw2sKgnQ==",
      "dependencies": {
        "events-to-array": "^2.0.3",
        "tap-yaml": "2.2.1"
      },
      "bin": {
        "tap-parser": "bin/cmd.cjs"
      },
      "engines": {
        "node": "16 >=16.17.0 || 18 >= 18.6.0 || >=20"
      }
    },
    "node_modules/tap-yaml": {
      "version": "2.2.1",
      "resolved": "https://registry.npmjs.org/tap-yaml/-/tap-yaml-2.2.1.tgz",
      "integrity": "sha512-ovZuUMLAIH59jnFHXKEGJ+WyDYl6Cuduwg9qpvnqkZOUA1nU84q02Sry1HT0KXcdv2uB91bEKKxnIybBgrb6oA==",
      "dependencies": {
        "yaml": "^2.3.0",
        "yaml-types": "^0.3.0"
      },
      "engines": {
        "node": "16 >=16.17.0 || 18 >= 18.6.0 || >=20"
      }
    },
    "node_modules/yaml": {
      "version": "2.3.4",
      "resolved": "https://registry.npmjs.org/yaml/-/yaml-2.3.4.tgz",
      "integrity": "sha512-8aAvwVUSHpfEqTQ4w/KMlf3HcRdt50E5ODIQJBw1fQ5RL34xabzxtUlzTXVqc4rkZsPbvrXKWnABCD7kWSmocA==",
      "engines": {
        "node": ">= 14"
      }
    },
    "node_modules/yaml-types": {
      "version": "0.3.0",
      "resolved": "https://registry.npmjs.org/yaml-types/-/yaml-types-0.3.0.tgz",
      "integrity": "sha512-i9RxAO/LZBiE0NJUy9pbN5jFz5EasYDImzRkj8Y81kkInTi1laia3P3K/wlMKzOxFQutZip8TejvQP/DwgbU7A==",
      "engines": {
        "node": ">= 16",
        "npm": ">= 7"
      },
      "peerDependencies": {
        "yaml": "^2.3.0"
      }
    }
  }
}
